
Microsoft Visual Studio Solution File, Format Version 12.00
# Visual Studio Version 17
VisualStudioVersion = 17.2.32516.85
MinimumVisualStudioVersion = 10.0.40219.1
Project("{9A19103F-16F7-4668-BE54-9A1E7A4F7556}") = "AECSpot", "AECSpot\AECSpot.csproj", "{967B3EBB-5292-4E17-9BF5-582B9F975525}"
EndProject
Project("{54435603-DBB4-11D2-8724-00A0C9A8B90C}") = "AECSpot_Setup", "AECSpot_Setup\AECSpot_Setup.vdproj", "{F649B7E6-0999-4720-A4B4-10A526D09F0A}"
EndProject
Project("{9A19103F-16F7-4668-BE54-9A1E7A4F7556}") = "CopyFilter", "CopyFilter\CopyFilter.csproj", "{20ED474E-8D90-40CB-96E0-9BBC67A4B765}"
EndProject
Project("{54435603-DBB4-11D2-8724-00A0C9A8B90C}") = "AEC Spot - Copy Filters", "CopyFilter_Installer\CopyFilter_Installer.vdproj", "{4B48D024-E87D-4C16-AE22-B229BD2FE269}"
EndProject
Project("{9A19103F-16F7-4668-BE54-9A1E7A4F7556}") = "SelectByFilter", "SelectByFilter\SelectByFilter.csproj", "{1118F226-1DA4-4695-A08D-6CE02FF074F8}"
EndProject
Project("{9A19103F-16F7-4668-BE54-9A1E7A4F7556}") = "PeopleFilter", "PeopleFilter\PeopleFilter.csproj", "{0D01EC12-8884-4596-8961-ACC773DC7409}"
EndProject
Project("{54435603-DBB4-11D2-8724-00A0C9A8B90C}") = "AEC Spot - Select By Filter", "AEC Spot - Select By Filter\AEC Spot - Select By Filter.vdproj", "{EE69BE89-25BE-4331-9422-86A12BD97874}"
EndProject
Project("{2150E333-8FDC-42A3-9474-1A3956D46DE8}") = "Select By Filters", "Select By Filters", "{2D566BBB-110C-43F9-9562-59CA21088F12}"
EndProject
Project("{54435603-DBB4-11D2-8724-00A0C9A8B90C}") = "AEC Spot - Select By Filter 2025", "AEC Spot - Select By Filter 2025\AEC Spot - Select By Filter 2025.vdproj", "{8937C01B-8983-4FD5-99F2-DD1145ABFA29}"
EndProject
Project("{54435603-DBB4-11D2-8724-00A0C9A8B90C}") = "AEC Spot - People Filter", "AEC Spot - People Filter\AEC Spot - People Filter.vdproj", "{52F7BB0F-2888-4F5C-A292-34EAFBED055E}"
EndProject
Project("{2150E333-8FDC-42A3-9474-1A3956D46DE8}") = "Copy Filters", "Copy Filters", "{2AD4EAAD-F46B-4455-B805-E978918348BD}"
EndProject
Project("{54435603-DBB4-11D2-8724-00A0C9A8B90C}") = "AEC Spot - Copy Filters 2025", "AEC Spot - Copy Filters 2025\AEC Spot - Copy Filters 2025.vdproj", "{0C5F88AE-8A47-48F6-B3F6-2283D1D8DBA9}"
EndProject
Project("{54435603-DBB4-11D2-8724-00A0C9A8B90C}") = "AEC Spot - Select By Filter 2018", "AEC Spot - Select By Filter 2018\AEC Spot - Select By Filter 2018.vdproj", "{DFBCF996-8659-4349-9031-FA3252AC339F}"
EndProject
Project("{2150E333-8FDC-42A3-9474-1A3956D46DE8}") = "People Filter", "People Filter", "{5FD42426-BFE2-4AC2-8EAD-905A23EEA647}"
EndProject
Project("{54435603-DBB4-11D2-8724-00A0C9A8B90C}") = "AEC Spot - People Filter 2018", "AEC Spot - People Filter 2018\AEC Spot - People Filter 2018.vdproj", "{D09C11F9-D49E-4C27-BA48-AB2A0A3C2411}"
EndProject
Project("{54435603-DBB4-11D2-8724-00A0C9A8B90C}") = "AEC Spot - People Filter 2025", "AEC Spot - People Filter 2025\AEC Spot - People Filter 2025.vdproj", "{CE34707D-FCD6-40AB-A556-DB1647D4F505}"
EndProject
Project("{9A19103F-16F7-4668-BE54-9A1E7A4F7556}") = "CopyFilterInstaller", "CopyFilterInstaller\CopyFilterInstaller.csproj", "{C1D2F873-77DD-4EEB-868A-BB274AAB6244}"
EndProject
Project("{9A19103F-16F7-4668-BE54-9A1E7A4F7556}") = "PeopleFilterInstaller", "PeopleFilterInstaller\PeopleFilterInstaller.csproj", "{89E8B89C-E938-4429-815A-E2F8B0560F48}"
EndProject
Project("{9A19103F-16F7-4668-BE54-9A1E7A4F7556}") = "SelectByFilterInstaller", "SelectByFilterInstaller\SelectByFilterInstaller.csproj", "{1B82AFB4-26E8-49EC-A10D-B686CE05A64A}"
EndProject
Project("{FAE04EC0-301F-11D3-BF4B-00C04F79EFBC}") = "ElementOverride", "ElementOverride\ElementOverride.csproj", "{960B3A60-88A2-46F8-B8AE-E0A6010E8DBB}"
EndProject
Project("{2150E333-8FDC-42A3-9474-1A3956D46DE8}") = "Element Override", "Element Override", "{02EA681E-C7D8-13C7-8484-4AC65E1B71E8}"
EndProject
Project("{54435603-DBB4-11D2-8724-00A0C9A8B90C}") = "ElementOverrideSetup2023", "ElementOverrideSetup2023\ElementOverrideSetup2023.vdproj", "{00D0B34F-DFEB-1DF0-A9B8-747A6E16B1C0}"
EndProject
Project("{FAE04EC0-301F-11D3-BF4B-00C04F79EFBC}") = "FilterManagerInstaller", "FilterManagerInstaller\FilterManagerInstaller.csproj", "{059FF254-293E-34F6-8F5B-98B0AFD12738}"
EndProject
Project("{FAE04EC0-301F-11D3-BF4B-00C04F79EFBC}") = "ElementOverrideInstaller", "ElementOverrideInstaller\ElementOverrideInstaller.csproj", "{C202A913-4342-66C1-39B2-2D48B622F8BB}"
EndProject
Project("{FAE04EC0-301F-11D3-BF4B-00C04F79EFBC}") = "FilterManager", "FilterManager\FilterManager.csproj", "{7E7BFB98-50B4-4F82-A0B9-B7E9D52D2D95}"
EndProject
Global
	GlobalSection(SolutionConfigurationPlatforms) = preSolution
		2020|Any CPU = 2020|Any CPU
		2021|Any CPU = 2021|Any CPU
		2022|Any CPU = 2022|Any CPU
		2023|Any CPU = 2023|Any CPU
		2025|Any CPU = 2025|Any CPU
		Debug 2018|Any CPU = Debug 2018|Any CPU
		Debug 2019|Any CPU = Debug 2019|Any CPU
		Debug 2020|Any CPU = Debug 2020|Any CPU
		Debug 2021|Any CPU = Debug 2021|Any CPU
		Debug 2022|Any CPU = Debug 2022|Any CPU
		Debug 2023|Any CPU = Debug 2023|Any CPU
		Debug 2024|Any CPU = Debug 2024|Any CPU
		Debug 2025|Any CPU = Debug 2025|Any CPU
		Debug|Any CPU = Debug|Any CPU
		Release|Any CPU = Release|Any CPU
	EndGlobalSection
	GlobalSection(ProjectConfigurationPlatforms) = postSolution
		{967B3EBB-5292-4E17-9BF5-582B9F975525}.2020|Any CPU.ActiveCfg = 2020|Any CPU
		{967B3EBB-5292-4E17-9BF5-582B9F975525}.2020|Any CPU.Build.0 = 2020|Any CPU
		{967B3EBB-5292-4E17-9BF5-582B9F975525}.2021|Any CPU.ActiveCfg = 2021|Any CPU
		{967B3EBB-5292-4E17-9BF5-582B9F975525}.2021|Any CPU.Build.0 = 2021|Any CPU
		{967B3EBB-5292-4E17-9BF5-582B9F975525}.2022|Any CPU.ActiveCfg = 2022|Any CPU
		{967B3EBB-5292-4E17-9BF5-582B9F975525}.2022|Any CPU.Build.0 = 2022|Any CPU
		{967B3EBB-5292-4E17-9BF5-582B9F975525}.2023|Any CPU.ActiveCfg = 2023|Any CPU
		{967B3EBB-5292-4E17-9BF5-582B9F975525}.2023|Any CPU.Build.0 = 2023|Any CPU
		{967B3EBB-5292-4E17-9BF5-582B9F975525}.2025|Any CPU.ActiveCfg = 2025|Any CPU
		{967B3EBB-5292-4E17-9BF5-582B9F975525}.2025|Any CPU.Build.0 = 2025|Any CPU
		{967B3EBB-5292-4E17-9BF5-582B9F975525}.Debug 2018|Any CPU.ActiveCfg = Debug 2018|Any CPU
		{967B3EBB-5292-4E17-9BF5-582B9F975525}.Debug 2018|Any CPU.Build.0 = Debug 2018|Any CPU
		{967B3EBB-5292-4E17-9BF5-582B9F975525}.Debug 2019|Any CPU.ActiveCfg = Debug 2019|Any CPU
		{967B3EBB-5292-4E17-9BF5-582B9F975525}.Debug 2019|Any CPU.Build.0 = Debug 2019|Any CPU
		{967B3EBB-5292-4E17-9BF5-582B9F975525}.Debug 2020|Any CPU.ActiveCfg = Debug 2020|Any CPU
		{967B3EBB-5292-4E17-9BF5-582B9F975525}.Debug 2020|Any CPU.Build.0 = Debug 2020|Any CPU
		{967B3EBB-5292-4E17-9BF5-582B9F975525}.Debug 2021|Any CPU.ActiveCfg = Debug 2021|Any CPU
		{967B3EBB-5292-4E17-9BF5-582B9F975525}.Debug 2021|Any CPU.Build.0 = Debug 2021|Any CPU
		{967B3EBB-5292-4E17-9BF5-582B9F975525}.Debug 2022|Any CPU.ActiveCfg = Debug 2022|Any CPU
		{967B3EBB-5292-4E17-9BF5-582B9F975525}.Debug 2022|Any CPU.Build.0 = Debug 2022|Any CPU
		{967B3EBB-5292-4E17-9BF5-582B9F975525}.Debug 2023|Any CPU.ActiveCfg = Debug 2023|Any CPU
		{967B3EBB-5292-4E17-9BF5-582B9F975525}.Debug 2023|Any CPU.Build.0 = Debug 2023|Any CPU
		{967B3EBB-5292-4E17-9BF5-582B9F975525}.Debug 2024|Any CPU.ActiveCfg = Debug 2024|Any CPU
		{967B3EBB-5292-4E17-9BF5-582B9F975525}.Debug 2024|Any CPU.Build.0 = Debug 2024|Any CPU
		{967B3EBB-5292-4E17-9BF5-582B9F975525}.Debug 2025|Any CPU.ActiveCfg = Debug 2025|Any CPU
		{967B3EBB-5292-4E17-9BF5-582B9F975525}.Debug 2025|Any CPU.Build.0 = Debug 2025|Any CPU
		{967B3EBB-5292-4E17-9BF5-582B9F975525}.Debug|Any CPU.ActiveCfg = Debug 2024|Any CPU
		{967B3EBB-5292-4E17-9BF5-582B9F975525}.Debug|Any CPU.Build.0 = Debug 2024|Any CPU
		{967B3EBB-5292-4E17-9BF5-582B9F975525}.Release|Any CPU.ActiveCfg = Debug 2024|Any CPU
		{967B3EBB-5292-4E17-9BF5-582B9F975525}.Release|Any CPU.Build.0 = Debug 2024|Any CPU
		{F649B7E6-0999-4720-A4B4-10A526D09F0A}.2020|Any CPU.ActiveCfg = Debug
		{F649B7E6-0999-4720-A4B4-10A526D09F0A}.2021|Any CPU.ActiveCfg = Debug
		{F649B7E6-0999-4720-A4B4-10A526D09F0A}.2022|Any CPU.ActiveCfg = Debug
		{F649B7E6-0999-4720-A4B4-10A526D09F0A}.2023|Any CPU.ActiveCfg = Debug
		{F649B7E6-0999-4720-A4B4-10A526D09F0A}.2025|Any CPU.ActiveCfg = Release
		{F649B7E6-0999-4720-A4B4-10A526D09F0A}.Debug 2018|Any CPU.ActiveCfg = Debug
		{F649B7E6-0999-4720-A4B4-10A526D09F0A}.Debug 2019|Any CPU.ActiveCfg = Debug
		{F649B7E6-0999-4720-A4B4-10A526D09F0A}.Debug 2020|Any CPU.ActiveCfg = Debug
		{F649B7E6-0999-4720-A4B4-10A526D09F0A}.Debug 2021|Any CPU.ActiveCfg = Debug
		{F649B7E6-0999-4720-A4B4-10A526D09F0A}.Debug 2022|Any CPU.ActiveCfg = Debug
		{F649B7E6-0999-4720-A4B4-10A526D09F0A}.Debug 2023|Any CPU.ActiveCfg = Debug
		{F649B7E6-0999-4720-A4B4-10A526D09F0A}.Debug 2024|Any CPU.ActiveCfg = Debug
		{F649B7E6-0999-4720-A4B4-10A526D09F0A}.Debug 2025|Any CPU.ActiveCfg = Debug
		{F649B7E6-0999-4720-A4B4-10A526D09F0A}.Debug|Any CPU.ActiveCfg = Debug
		{F649B7E6-0999-4720-A4B4-10A526D09F0A}.Release|Any CPU.ActiveCfg = Release
		{20ED474E-8D90-40CB-96E0-9BBC67A4B765}.2020|Any CPU.ActiveCfg = Debug|Any CPU
		{20ED474E-8D90-40CB-96E0-9BBC67A4B765}.2020|Any CPU.Build.0 = Debug|Any CPU
		{20ED474E-8D90-40CB-96E0-9BBC67A4B765}.2021|Any CPU.ActiveCfg = Debug 2023|Any CPU
		{20ED474E-8D90-40CB-96E0-9BBC67A4B765}.2021|Any CPU.Build.0 = Debug 2023|Any CPU
		{20ED474E-8D90-40CB-96E0-9BBC67A4B765}.2022|Any CPU.ActiveCfg = Debug|Any CPU
		{20ED474E-8D90-40CB-96E0-9BBC67A4B765}.2022|Any CPU.Build.0 = Debug|Any CPU
		{20ED474E-8D90-40CB-96E0-9BBC67A4B765}.2023|Any CPU.ActiveCfg = Debug 2023|Any CPU
		{20ED474E-8D90-40CB-96E0-9BBC67A4B765}.2023|Any CPU.Build.0 = Debug 2023|Any CPU
		{20ED474E-8D90-40CB-96E0-9BBC67A4B765}.2025|Any CPU.ActiveCfg = 2025|Any CPU
		{20ED474E-8D90-40CB-96E0-9BBC67A4B765}.2025|Any CPU.Build.0 = 2025|Any CPU
		{20ED474E-8D90-40CB-96E0-9BBC67A4B765}.Debug 2018|Any CPU.ActiveCfg = Debug 2018|Any CPU
		{20ED474E-8D90-40CB-96E0-9BBC67A4B765}.Debug 2018|Any CPU.Build.0 = Debug 2018|Any CPU
		{20ED474E-8D90-40CB-96E0-9BBC67A4B765}.Debug 2019|Any CPU.ActiveCfg = Debug 2019|Any CPU
		{20ED474E-8D90-40CB-96E0-9BBC67A4B765}.Debug 2019|Any CPU.Build.0 = Debug 2019|Any CPU
		{20ED474E-8D90-40CB-96E0-9BBC67A4B765}.Debug 2020|Any CPU.ActiveCfg = Debug 2020|Any CPU
		{20ED474E-8D90-40CB-96E0-9BBC67A4B765}.Debug 2020|Any CPU.Build.0 = Debug 2020|Any CPU
		{20ED474E-8D90-40CB-96E0-9BBC67A4B765}.Debug 2021|Any CPU.ActiveCfg = Debug 2021|Any CPU
		{20ED474E-8D90-40CB-96E0-9BBC67A4B765}.Debug 2021|Any CPU.Build.0 = Debug 2021|Any CPU
		{20ED474E-8D90-40CB-96E0-9BBC67A4B765}.Debug 2022|Any CPU.ActiveCfg = Debug 2022|Any CPU
		{20ED474E-8D90-40CB-96E0-9BBC67A4B765}.Debug 2022|Any CPU.Build.0 = Debug 2022|Any CPU
		{20ED474E-8D90-40CB-96E0-9BBC67A4B765}.Debug 2023|Any CPU.ActiveCfg = Debug 2023|Any CPU
		{20ED474E-8D90-40CB-96E0-9BBC67A4B765}.Debug 2023|Any CPU.Build.0 = Debug 2023|Any CPU
		{20ED474E-8D90-40CB-96E0-9BBC67A4B765}.Debug 2024|Any CPU.ActiveCfg = Debug 2024|Any CPU
		{20ED474E-8D90-40CB-96E0-9BBC67A4B765}.Debug 2024|Any CPU.Build.0 = Debug 2024|Any CPU
		{20ED474E-8D90-40CB-96E0-9BBC67A4B765}.Debug 2025|Any CPU.ActiveCfg = Debug 2025|Any CPU
		{20ED474E-8D90-40CB-96E0-9BBC67A4B765}.Debug 2025|Any CPU.Build.0 = Debug 2025|Any CPU
		{20ED474E-8D90-40CB-96E0-9BBC67A4B765}.Debug|Any CPU.ActiveCfg = Debug|Any CPU
		{20ED474E-8D90-40CB-96E0-9BBC67A4B765}.Debug|Any CPU.Build.0 = Debug|Any CPU
		{20ED474E-8D90-40CB-96E0-9BBC67A4B765}.Release|Any CPU.ActiveCfg = Release|Any CPU
		{20ED474E-8D90-40CB-96E0-9BBC67A4B765}.Release|Any CPU.Build.0 = Release|Any CPU
		{4B48D024-E87D-4C16-AE22-B229BD2FE269}.2020|Any CPU.ActiveCfg = Debug
		{4B48D024-E87D-4C16-AE22-B229BD2FE269}.2021|Any CPU.ActiveCfg = Debug
		{4B48D024-E87D-4C16-AE22-B229BD2FE269}.2022|Any CPU.ActiveCfg = Debug
		{4B48D024-E87D-4C16-AE22-B229BD2FE269}.2023|Any CPU.ActiveCfg = Debug
		{4B48D024-E87D-4C16-AE22-B229BD2FE269}.2025|Any CPU.ActiveCfg = Release
		{4B48D024-E87D-4C16-AE22-B229BD2FE269}.Debug 2018|Any CPU.ActiveCfg = Debug
		{4B48D024-E87D-4C16-AE22-B229BD2FE269}.Debug 2019|Any CPU.ActiveCfg = Debug
		{4B48D024-E87D-4C16-AE22-B229BD2FE269}.Debug 2020|Any CPU.ActiveCfg = Debug
		{4B48D024-E87D-4C16-AE22-B229BD2FE269}.Debug 2021|Any CPU.ActiveCfg = Debug
		{4B48D024-E87D-4C16-AE22-B229BD2FE269}.Debug 2022|Any CPU.ActiveCfg = Debug
		{4B48D024-E87D-4C16-AE22-B229BD2FE269}.Debug 2023|Any CPU.ActiveCfg = Debug
		{4B48D024-E87D-4C16-AE22-B229BD2FE269}.Debug 2024|Any CPU.ActiveCfg = Debug
		{4B48D024-E87D-4C16-AE22-B229BD2FE269}.Debug 2025|Any CPU.ActiveCfg = Debug
		{4B48D024-E87D-4C16-AE22-B229BD2FE269}.Debug 2025|Any CPU.Build.0 = Debug
		{4B48D024-E87D-4C16-AE22-B229BD2FE269}.Debug|Any CPU.ActiveCfg = Debug
		{4B48D024-E87D-4C16-AE22-B229BD2FE269}.Release|Any CPU.ActiveCfg = Release
		{1118F226-1DA4-4695-A08D-6CE02FF074F8}.2020|Any CPU.ActiveCfg = Debug|Any CPU
		{1118F226-1DA4-4695-A08D-6CE02FF074F8}.2020|Any CPU.Build.0 = Debug|Any CPU
		{1118F226-1DA4-4695-A08D-6CE02FF074F8}.2021|Any CPU.ActiveCfg = 2021|Any CPU
		{1118F226-1DA4-4695-A08D-6CE02FF074F8}.2021|Any CPU.Build.0 = 2021|Any CPU
		{1118F226-1DA4-4695-A08D-6CE02FF074F8}.2022|Any CPU.ActiveCfg = Debug|Any CPU
		{1118F226-1DA4-4695-A08D-6CE02FF074F8}.2022|Any CPU.Build.0 = Debug|Any CPU
		{1118F226-1DA4-4695-A08D-6CE02FF074F8}.2023|Any CPU.ActiveCfg = Debug 2023|Any CPU
		{1118F226-1DA4-4695-A08D-6CE02FF074F8}.2023|Any CPU.Build.0 = Debug 2023|Any CPU
		{1118F226-1DA4-4695-A08D-6CE02FF074F8}.2025|Any CPU.ActiveCfg = 2025|Any CPU
		{1118F226-1DA4-4695-A08D-6CE02FF074F8}.2025|Any CPU.Build.0 = 2025|Any CPU
		{1118F226-1DA4-4695-A08D-6CE02FF074F8}.Debug 2018|Any CPU.ActiveCfg = Debug 2018|Any CPU
		{1118F226-1DA4-4695-A08D-6CE02FF074F8}.Debug 2018|Any CPU.Build.0 = Debug 2018|Any CPU
		{1118F226-1DA4-4695-A08D-6CE02FF074F8}.Debug 2019|Any CPU.ActiveCfg = Debug 2019|Any CPU
		{1118F226-1DA4-4695-A08D-6CE02FF074F8}.Debug 2019|Any CPU.Build.0 = Debug 2019|Any CPU
		{1118F226-1DA4-4695-A08D-6CE02FF074F8}.Debug 2020|Any CPU.ActiveCfg = Debug 2020|Any CPU
		{1118F226-1DA4-4695-A08D-6CE02FF074F8}.Debug 2020|Any CPU.Build.0 = Debug 2020|Any CPU
		{1118F226-1DA4-4695-A08D-6CE02FF074F8}.Debug 2021|Any CPU.ActiveCfg = Debug 2021|Any CPU
		{1118F226-1DA4-4695-A08D-6CE02FF074F8}.Debug 2021|Any CPU.Build.0 = Debug 2021|Any CPU
		{1118F226-1DA4-4695-A08D-6CE02FF074F8}.Debug 2022|Any CPU.ActiveCfg = Debug 2022|Any CPU
		{1118F226-1DA4-4695-A08D-6CE02FF074F8}.Debug 2022|Any CPU.Build.0 = Debug 2022|Any CPU
		{1118F226-1DA4-4695-A08D-6CE02FF074F8}.Debug 2023|Any CPU.ActiveCfg = Debug 2023|Any CPU
		{1118F226-1DA4-4695-A08D-6CE02FF074F8}.Debug 2023|Any CPU.Build.0 = Debug 2023|Any CPU
		{1118F226-1DA4-4695-A08D-6CE02FF074F8}.Debug 2024|Any CPU.ActiveCfg = Debug 2024|Any CPU
		{1118F226-1DA4-4695-A08D-6CE02FF074F8}.Debug 2024|Any CPU.Build.0 = Debug 2024|Any CPU
		{1118F226-1DA4-4695-A08D-6CE02FF074F8}.Debug 2025|Any CPU.ActiveCfg = Debug 2025|Any CPU
		{1118F226-1DA4-4695-A08D-6CE02FF074F8}.Debug 2025|Any CPU.Build.0 = Debug 2025|Any CPU
		{1118F226-1DA4-4695-A08D-6CE02FF074F8}.Debug|Any CPU.ActiveCfg = Debug|Any CPU
		{1118F226-1DA4-4695-A08D-6CE02FF074F8}.Debug|Any CPU.Build.0 = Debug|Any CPU
		{1118F226-1DA4-4695-A08D-6CE02FF074F8}.Release|Any CPU.ActiveCfg = Release|Any CPU
		{1118F226-1DA4-4695-A08D-6CE02FF074F8}.Release|Any CPU.Build.0 = Release|Any CPU
		{0D01EC12-8884-4596-8961-ACC773DC7409}.2020|Any CPU.ActiveCfg = Debug|Any CPU
		{0D01EC12-8884-4596-8961-ACC773DC7409}.2020|Any CPU.Build.0 = Debug|Any CPU
		{0D01EC12-8884-4596-8961-ACC773DC7409}.2021|Any CPU.ActiveCfg = Debug 2023|Any CPU
		{0D01EC12-8884-4596-8961-ACC773DC7409}.2021|Any CPU.Build.0 = Debug 2023|Any CPU
		{0D01EC12-8884-4596-8961-ACC773DC7409}.2022|Any CPU.ActiveCfg = Debug|Any CPU
		{0D01EC12-8884-4596-8961-ACC773DC7409}.2022|Any CPU.Build.0 = Debug|Any CPU
		{0D01EC12-8884-4596-8961-ACC773DC7409}.2023|Any CPU.ActiveCfg = Debug 2023|Any CPU
		{0D01EC12-8884-4596-8961-ACC773DC7409}.2023|Any CPU.Build.0 = Debug 2023|Any CPU
		{0D01EC12-8884-4596-8961-ACC773DC7409}.2025|Any CPU.ActiveCfg = 2025|Any CPU
		{0D01EC12-8884-4596-8961-ACC773DC7409}.2025|Any CPU.Build.0 = 2025|Any CPU
		{0D01EC12-8884-4596-8961-ACC773DC7409}.Debug 2018|Any CPU.ActiveCfg = Debug 2018|Any CPU
		{0D01EC12-8884-4596-8961-ACC773DC7409}.Debug 2018|Any CPU.Build.0 = Debug 2018|Any CPU
		{0D01EC12-8884-4596-8961-ACC773DC7409}.Debug 2019|Any CPU.ActiveCfg = Debug 2019|Any CPU
		{0D01EC12-8884-4596-8961-ACC773DC7409}.Debug 2019|Any CPU.Build.0 = Debug 2019|Any CPU
		{0D01EC12-8884-4596-8961-ACC773DC7409}.Debug 2020|Any CPU.ActiveCfg = Debug 2020|Any CPU
		{0D01EC12-8884-4596-8961-ACC773DC7409}.Debug 2020|Any CPU.Build.0 = Debug 2020|Any CPU
		{0D01EC12-8884-4596-8961-ACC773DC7409}.Debug 2021|Any CPU.ActiveCfg = Debug 2021|Any CPU
		{0D01EC12-8884-4596-8961-ACC773DC7409}.Debug 2021|Any CPU.Build.0 = Debug 2021|Any CPU
		{0D01EC12-8884-4596-8961-ACC773DC7409}.Debug 2022|Any CPU.ActiveCfg = Debug 2022|Any CPU
		{0D01EC12-8884-4596-8961-ACC773DC7409}.Debug 2022|Any CPU.Build.0 = Debug 2022|Any CPU
		{0D01EC12-8884-4596-8961-ACC773DC7409}.Debug 2023|Any CPU.ActiveCfg = Debug 2023|Any CPU
		{0D01EC12-8884-4596-8961-ACC773DC7409}.Debug 2023|Any CPU.Build.0 = Debug 2023|Any CPU
		{0D01EC12-8884-4596-8961-ACC773DC7409}.Debug 2024|Any CPU.ActiveCfg = Debug 2024|Any CPU
		{0D01EC12-8884-4596-8961-ACC773DC7409}.Debug 2024|Any CPU.Build.0 = Debug 2024|Any CPU
		{0D01EC12-8884-4596-8961-ACC773DC7409}.Debug 2025|Any CPU.ActiveCfg = Debug 2025|Any CPU
		{0D01EC12-8884-4596-8961-ACC773DC7409}.Debug 2025|Any CPU.Build.0 = Debug 2025|Any CPU
		{0D01EC12-8884-4596-8961-ACC773DC7409}.Debug|Any CPU.ActiveCfg = Debug|Any CPU
		{0D01EC12-8884-4596-8961-ACC773DC7409}.Debug|Any CPU.Build.0 = Debug|Any CPU
		{0D01EC12-8884-4596-8961-ACC773DC7409}.Release|Any CPU.ActiveCfg = Release|Any CPU
		{0D01EC12-8884-4596-8961-ACC773DC7409}.Release|Any CPU.Build.0 = Release|Any CPU
		{EE69BE89-25BE-4331-9422-86A12BD97874}.2020|Any CPU.ActiveCfg = Debug
		{EE69BE89-25BE-4331-9422-86A12BD97874}.2021|Any CPU.ActiveCfg = Debug
		{EE69BE89-25BE-4331-9422-86A12BD97874}.2022|Any CPU.ActiveCfg = Debug
		{EE69BE89-25BE-4331-9422-86A12BD97874}.2023|Any CPU.ActiveCfg = Debug
		{EE69BE89-25BE-4331-9422-86A12BD97874}.2025|Any CPU.ActiveCfg = Release
		{EE69BE89-25BE-4331-9422-86A12BD97874}.Debug 2018|Any CPU.ActiveCfg = Debug
		{EE69BE89-25BE-4331-9422-86A12BD97874}.Debug 2019|Any CPU.ActiveCfg = Debug
		{EE69BE89-25BE-4331-9422-86A12BD97874}.Debug 2020|Any CPU.ActiveCfg = Debug
		{EE69BE89-25BE-4331-9422-86A12BD97874}.Debug 2021|Any CPU.ActiveCfg = Debug
		{EE69BE89-25BE-4331-9422-86A12BD97874}.Debug 2022|Any CPU.ActiveCfg = Debug
		{EE69BE89-25BE-4331-9422-86A12BD97874}.Debug 2023|Any CPU.ActiveCfg = Debug
		{EE69BE89-25BE-4331-9422-86A12BD97874}.Debug 2024|Any CPU.ActiveCfg = Debug
		{EE69BE89-25BE-4331-9422-86A12BD97874}.Debug 2025|Any CPU.ActiveCfg = Debug
		{EE69BE89-25BE-4331-9422-86A12BD97874}.Debug|Any CPU.ActiveCfg = Debug
		{EE69BE89-25BE-4331-9422-86A12BD97874}.Release|Any CPU.ActiveCfg = Release
		{8937C01B-8983-4FD5-99F2-DD1145ABFA29}.2020|Any CPU.ActiveCfg = Debug
		{8937C01B-8983-4FD5-99F2-DD1145ABFA29}.2021|Any CPU.ActiveCfg = Debug
		{8937C01B-8983-4FD5-99F2-DD1145ABFA29}.2022|Any CPU.ActiveCfg = Debug
		{8937C01B-8983-4FD5-99F2-DD1145ABFA29}.2023|Any CPU.ActiveCfg = Debug
		{8937C01B-8983-4FD5-99F2-DD1145ABFA29}.2025|Any CPU.ActiveCfg = Release
		{8937C01B-8983-4FD5-99F2-DD1145ABFA29}.Debug 2018|Any CPU.ActiveCfg = Debug
		{8937C01B-8983-4FD5-99F2-DD1145ABFA29}.Debug 2019|Any CPU.ActiveCfg = Debug
		{8937C01B-8983-4FD5-99F2-DD1145ABFA29}.Debug 2020|Any CPU.ActiveCfg = Debug
		{8937C01B-8983-4FD5-99F2-DD1145ABFA29}.Debug 2021|Any CPU.ActiveCfg = Debug
		{8937C01B-8983-4FD5-99F2-DD1145ABFA29}.Debug 2022|Any CPU.ActiveCfg = Debug
		{8937C01B-8983-4FD5-99F2-DD1145ABFA29}.Debug 2023|Any CPU.ActiveCfg = Debug
		{8937C01B-8983-4FD5-99F2-DD1145ABFA29}.Debug 2024|Any CPU.ActiveCfg = Debug
		{8937C01B-8983-4FD5-99F2-DD1145ABFA29}.Debug 2025|Any CPU.ActiveCfg = Debug
		{8937C01B-8983-4FD5-99F2-DD1145ABFA29}.Debug|Any CPU.ActiveCfg = Debug
		{8937C01B-8983-4FD5-99F2-DD1145ABFA29}.Release|Any CPU.ActiveCfg = Release
		{52F7BB0F-2888-4F5C-A292-34EAFBED055E}.2020|Any CPU.ActiveCfg = Debug
		{52F7BB0F-2888-4F5C-A292-34EAFBED055E}.2021|Any CPU.ActiveCfg = Debug
		{52F7BB0F-2888-4F5C-A292-34EAFBED055E}.2022|Any CPU.ActiveCfg = Debug
		{52F7BB0F-2888-4F5C-A292-34EAFBED055E}.2023|Any CPU.ActiveCfg = Debug
		{52F7BB0F-2888-4F5C-A292-34EAFBED055E}.2025|Any CPU.ActiveCfg = Release
		{52F7BB0F-2888-4F5C-A292-34EAFBED055E}.Debug 2018|Any CPU.ActiveCfg = Debug
		{52F7BB0F-2888-4F5C-A292-34EAFBED055E}.Debug 2019|Any CPU.ActiveCfg = Debug
		{52F7BB0F-2888-4F5C-A292-34EAFBED055E}.Debug 2020|Any CPU.ActiveCfg = Debug
		{52F7BB0F-2888-4F5C-A292-34EAFBED055E}.Debug 2021|Any CPU.ActiveCfg = Debug
		{52F7BB0F-2888-4F5C-A292-34EAFBED055E}.Debug 2022|Any CPU.ActiveCfg = Debug
		{52F7BB0F-2888-4F5C-A292-34EAFBED055E}.Debug 2023|Any CPU.ActiveCfg = Debug
		{52F7BB0F-2888-4F5C-A292-34EAFBED055E}.Debug 2024|Any CPU.ActiveCfg = Debug
		{52F7BB0F-2888-4F5C-A292-34EAFBED055E}.Debug 2025|Any CPU.ActiveCfg = Debug
		{52F7BB0F-2888-4F5C-A292-34EAFBED055E}.Debug|Any CPU.ActiveCfg = Debug
		{52F7BB0F-2888-4F5C-A292-34EAFBED055E}.Release|Any CPU.ActiveCfg = Release
		{0C5F88AE-8A47-48F6-B3F6-2283D1D8DBA9}.2020|Any CPU.ActiveCfg = Debug
		{0C5F88AE-8A47-48F6-B3F6-2283D1D8DBA9}.2021|Any CPU.ActiveCfg = Debug
		{0C5F88AE-8A47-48F6-B3F6-2283D1D8DBA9}.2022|Any CPU.ActiveCfg = Debug
		{0C5F88AE-8A47-48F6-B3F6-2283D1D8DBA9}.2023|Any CPU.ActiveCfg = Debug
		{0C5F88AE-8A47-48F6-B3F6-2283D1D8DBA9}.2025|Any CPU.ActiveCfg = Release
		{0C5F88AE-8A47-48F6-B3F6-2283D1D8DBA9}.Debug 2018|Any CPU.ActiveCfg = Debug
		{0C5F88AE-8A47-48F6-B3F6-2283D1D8DBA9}.Debug 2019|Any CPU.ActiveCfg = Debug
		{0C5F88AE-8A47-48F6-B3F6-2283D1D8DBA9}.Debug 2020|Any CPU.ActiveCfg = Debug
		{0C5F88AE-8A47-48F6-B3F6-2283D1D8DBA9}.Debug 2021|Any CPU.ActiveCfg = Debug
		{0C5F88AE-8A47-48F6-B3F6-2283D1D8DBA9}.Debug 2022|Any CPU.ActiveCfg = Debug
		{0C5F88AE-8A47-48F6-B3F6-2283D1D8DBA9}.Debug 2023|Any CPU.ActiveCfg = Debug
		{0C5F88AE-8A47-48F6-B3F6-2283D1D8DBA9}.Debug 2024|Any CPU.ActiveCfg = Debug
		{0C5F88AE-8A47-48F6-B3F6-2283D1D8DBA9}.Debug 2025|Any CPU.ActiveCfg = Debug
		{0C5F88AE-8A47-48F6-B3F6-2283D1D8DBA9}.Debug|Any CPU.ActiveCfg = Debug
		{0C5F88AE-8A47-48F6-B3F6-2283D1D8DBA9}.Release|Any CPU.ActiveCfg = Release
		{DFBCF996-8659-4349-9031-FA3252AC339F}.2020|Any CPU.ActiveCfg = Debug
		{DFBCF996-8659-4349-9031-FA3252AC339F}.2021|Any CPU.ActiveCfg = Debug
		{DFBCF996-8659-4349-9031-FA3252AC339F}.2022|Any CPU.ActiveCfg = Debug
		{DFBCF996-8659-4349-9031-FA3252AC339F}.2023|Any CPU.ActiveCfg = Debug
		{DFBCF996-8659-4349-9031-FA3252AC339F}.2025|Any CPU.ActiveCfg = Release
		{DFBCF996-8659-4349-9031-FA3252AC339F}.Debug 2018|Any CPU.ActiveCfg = Debug
		{DFBCF996-8659-4349-9031-FA3252AC339F}.Debug 2019|Any CPU.ActiveCfg = Debug
		{DFBCF996-8659-4349-9031-FA3252AC339F}.Debug 2020|Any CPU.ActiveCfg = Debug
		{DFBCF996-8659-4349-9031-FA3252AC339F}.Debug 2021|Any CPU.ActiveCfg = Debug
		{DFBCF996-8659-4349-9031-FA3252AC339F}.Debug 2022|Any CPU.ActiveCfg = Debug
		{DFBCF996-8659-4349-9031-FA3252AC339F}.Debug 2023|Any CPU.ActiveCfg = Debug
		{DFBCF996-8659-4349-9031-FA3252AC339F}.Debug 2024|Any CPU.ActiveCfg = Debug
		{DFBCF996-8659-4349-9031-FA3252AC339F}.Debug 2025|Any CPU.ActiveCfg = Debug
		{DFBCF996-8659-4349-9031-FA3252AC339F}.Debug|Any CPU.ActiveCfg = Debug
		{DFBCF996-8659-4349-9031-FA3252AC339F}.Release|Any CPU.ActiveCfg = Release
		{D09C11F9-D49E-4C27-BA48-AB2A0A3C2411}.2020|Any CPU.ActiveCfg = Debug
		{D09C11F9-D49E-4C27-BA48-AB2A0A3C2411}.2021|Any CPU.ActiveCfg = Debug
		{D09C11F9-D49E-4C27-BA48-AB2A0A3C2411}.2022|Any CPU.ActiveCfg = Debug
		{D09C11F9-D49E-4C27-BA48-AB2A0A3C2411}.2023|Any CPU.ActiveCfg = Debug
		{D09C11F9-D49E-4C27-BA48-AB2A0A3C2411}.2025|Any CPU.ActiveCfg = Release
		{D09C11F9-D49E-4C27-BA48-AB2A0A3C2411}.Debug 2018|Any CPU.ActiveCfg = Debug
		{D09C11F9-D49E-4C27-BA48-AB2A0A3C2411}.Debug 2019|Any CPU.ActiveCfg = Debug
		{D09C11F9-D49E-4C27-BA48-AB2A0A3C2411}.Debug 2020|Any CPU.ActiveCfg = Debug
		{D09C11F9-D49E-4C27-BA48-AB2A0A3C2411}.Debug 2021|Any CPU.ActiveCfg = Debug
		{D09C11F9-D49E-4C27-BA48-AB2A0A3C2411}.Debug 2022|Any CPU.ActiveCfg = Debug
		{D09C11F9-D49E-4C27-BA48-AB2A0A3C2411}.Debug 2023|Any CPU.ActiveCfg = Debug
		{D09C11F9-D49E-4C27-BA48-AB2A0A3C2411}.Debug 2024|Any CPU.ActiveCfg = Debug
		{D09C11F9-D49E-4C27-BA48-AB2A0A3C2411}.Debug 2025|Any CPU.ActiveCfg = Debug
		{D09C11F9-D49E-4C27-BA48-AB2A0A3C2411}.Debug|Any CPU.ActiveCfg = Debug
		{D09C11F9-D49E-4C27-BA48-AB2A0A3C2411}.Release|Any CPU.ActiveCfg = Release
		{CE34707D-FCD6-40AB-A556-DB1647D4F505}.2020|Any CPU.ActiveCfg = Debug
		{CE34707D-FCD6-40AB-A556-DB1647D4F505}.2021|Any CPU.ActiveCfg = Debug
		{CE34707D-FCD6-40AB-A556-DB1647D4F505}.2022|Any CPU.ActiveCfg = Debug
		{CE34707D-FCD6-40AB-A556-DB1647D4F505}.2023|Any CPU.ActiveCfg = Debug
		{CE34707D-FCD6-40AB-A556-DB1647D4F505}.2025|Any CPU.ActiveCfg = Release
		{CE34707D-FCD6-40AB-A556-DB1647D4F505}.Debug 2018|Any CPU.ActiveCfg = Debug
		{CE34707D-FCD6-40AB-A556-DB1647D4F505}.Debug 2019|Any CPU.ActiveCfg = Debug
		{CE34707D-FCD6-40AB-A556-DB1647D4F505}.Debug 2020|Any CPU.ActiveCfg = Debug
		{CE34707D-FCD6-40AB-A556-DB1647D4F505}.Debug 2021|Any CPU.ActiveCfg = Debug
		{CE34707D-FCD6-40AB-A556-DB1647D4F505}.Debug 2022|Any CPU.ActiveCfg = Debug
		{CE34707D-FCD6-40AB-A556-DB1647D4F505}.Debug 2023|Any CPU.ActiveCfg = Debug
		{CE34707D-FCD6-40AB-A556-DB1647D4F505}.Debug 2024|Any CPU.ActiveCfg = Debug
		{CE34707D-FCD6-40AB-A556-DB1647D4F505}.Debug 2025|Any CPU.ActiveCfg = Debug
		{CE34707D-FCD6-40AB-A556-DB1647D4F505}.Debug|Any CPU.ActiveCfg = Debug
		{CE34707D-FCD6-40AB-A556-DB1647D4F505}.Release|Any CPU.ActiveCfg = Release
		{C1D2F873-77DD-4EEB-868A-BB274AAB6244}.2020|Any CPU.ActiveCfg = Debug|Any CPU
		{C1D2F873-77DD-4EEB-868A-BB274AAB6244}.2020|Any CPU.Build.0 = Debug|Any CPU
		{C1D2F873-77DD-4EEB-868A-BB274AAB6244}.2021|Any CPU.ActiveCfg = Debug|Any CPU
		{C1D2F873-77DD-4EEB-868A-BB274AAB6244}.2021|Any CPU.Build.0 = Debug|Any CPU
		{C1D2F873-77DD-4EEB-868A-BB274AAB6244}.2022|Any CPU.ActiveCfg = Debug|Any CPU
		{C1D2F873-77DD-4EEB-868A-BB274AAB6244}.2022|Any CPU.Build.0 = Debug|Any CPU
		{C1D2F873-77DD-4EEB-868A-BB274AAB6244}.2023|Any CPU.ActiveCfg = Debug|Any CPU
		{C1D2F873-77DD-4EEB-868A-BB274AAB6244}.2023|Any CPU.Build.0 = Debug|Any CPU
		{C1D2F873-77DD-4EEB-868A-BB274AAB6244}.2025|Any CPU.ActiveCfg = Release|Any CPU
		{C1D2F873-77DD-4EEB-868A-BB274AAB6244}.2025|Any CPU.Build.0 = Release|Any CPU
		{C1D2F873-77DD-4EEB-868A-BB274AAB6244}.Debug 2018|Any CPU.ActiveCfg = Debug|Any CPU
		{C1D2F873-77DD-4EEB-868A-BB274AAB6244}.Debug 2018|Any CPU.Build.0 = Debug|Any CPU
		{C1D2F873-77DD-4EEB-868A-BB274AAB6244}.Debug 2019|Any CPU.ActiveCfg = Debug|Any CPU
		{C1D2F873-77DD-4EEB-868A-BB274AAB6244}.Debug 2019|Any CPU.Build.0 = Debug|Any CPU
		{C1D2F873-77DD-4EEB-868A-BB274AAB6244}.Debug 2020|Any CPU.ActiveCfg = Debug|Any CPU
		{C1D2F873-77DD-4EEB-868A-BB274AAB6244}.Debug 2020|Any CPU.Build.0 = Debug|Any CPU
		{C1D2F873-77DD-4EEB-868A-BB274AAB6244}.Debug 2021|Any CPU.ActiveCfg = Debug|Any CPU
		{C1D2F873-77DD-4EEB-868A-BB274AAB6244}.Debug 2021|Any CPU.Build.0 = Debug|Any CPU
		{C1D2F873-77DD-4EEB-868A-BB274AAB6244}.Debug 2022|Any CPU.ActiveCfg = Debug|Any CPU
		{C1D2F873-77DD-4EEB-868A-BB274AAB6244}.Debug 2022|Any CPU.Build.0 = Debug|Any CPU
		{C1D2F873-77DD-4EEB-868A-BB274AAB6244}.Debug 2023|Any CPU.ActiveCfg = Debug|Any CPU
		{C1D2F873-77DD-4EEB-868A-BB274AAB6244}.Debug 2023|Any CPU.Build.0 = Debug|Any CPU
		{C1D2F873-77DD-4EEB-868A-BB274AAB6244}.Debug 2024|Any CPU.ActiveCfg = Debug|Any CPU
		{C1D2F873-77DD-4EEB-868A-BB274AAB6244}.Debug 2024|Any CPU.Build.0 = Debug|Any CPU
		{C1D2F873-77DD-4EEB-868A-BB274AAB6244}.Debug 2025|Any CPU.ActiveCfg = Debug|Any CPU
		{C1D2F873-77DD-4EEB-868A-BB274AAB6244}.Debug 2025|Any CPU.Build.0 = Debug|Any CPU
		{C1D2F873-77DD-4EEB-868A-BB274AAB6244}.Debug|Any CPU.ActiveCfg = Debug|Any CPU
		{C1D2F873-77DD-4EEB-868A-BB274AAB6244}.Debug|Any CPU.Build.0 = Debug|Any CPU
		{C1D2F873-77DD-4EEB-868A-BB274AAB6244}.Release|Any CPU.ActiveCfg = Release|Any CPU
		{C1D2F873-77DD-4EEB-868A-BB274AAB6244}.Release|Any CPU.Build.0 = Release|Any CPU
		{89E8B89C-E938-4429-815A-E2F8B0560F48}.2020|Any CPU.ActiveCfg = Debug|Any CPU
		{89E8B89C-E938-4429-815A-E2F8B0560F48}.2020|Any CPU.Build.0 = Debug|Any CPU
		{89E8B89C-E938-4429-815A-E2F8B0560F48}.2021|Any CPU.ActiveCfg = Debug|Any CPU
		{89E8B89C-E938-4429-815A-E2F8B0560F48}.2021|Any CPU.Build.0 = Debug|Any CPU
		{89E8B89C-E938-4429-815A-E2F8B0560F48}.2022|Any CPU.ActiveCfg = Debug|Any CPU
		{89E8B89C-E938-4429-815A-E2F8B0560F48}.2022|Any CPU.Build.0 = Debug|Any CPU
		{89E8B89C-E938-4429-815A-E2F8B0560F48}.2023|Any CPU.ActiveCfg = Debug|Any CPU
		{89E8B89C-E938-4429-815A-E2F8B0560F48}.2023|Any CPU.Build.0 = Debug|Any CPU
		{89E8B89C-E938-4429-815A-E2F8B0560F48}.2025|Any CPU.ActiveCfg = Release|Any CPU
		{89E8B89C-E938-4429-815A-E2F8B0560F48}.2025|Any CPU.Build.0 = Release|Any CPU
		{89E8B89C-E938-4429-815A-E2F8B0560F48}.Debug 2018|Any CPU.ActiveCfg = Debug|Any CPU
		{89E8B89C-E938-4429-815A-E2F8B0560F48}.Debug 2018|Any CPU.Build.0 = Debug|Any CPU
		{89E8B89C-E938-4429-815A-E2F8B0560F48}.Debug 2019|Any CPU.ActiveCfg = Debug|Any CPU
		{89E8B89C-E938-4429-815A-E2F8B0560F48}.Debug 2019|Any CPU.Build.0 = Debug|Any CPU
		{89E8B89C-E938-4429-815A-E2F8B0560F48}.Debug 2020|Any CPU.ActiveCfg = Debug|Any CPU
		{89E8B89C-E938-4429-815A-E2F8B0560F48}.Debug 2020|Any CPU.Build.0 = Debug|Any CPU
		{89E8B89C-E938-4429-815A-E2F8B0560F48}.Debug 2021|Any CPU.ActiveCfg = Debug|Any CPU
		{89E8B89C-E938-4429-815A-E2F8B0560F48}.Debug 2021|Any CPU.Build.0 = Debug|Any CPU
		{89E8B89C-E938-4429-815A-E2F8B0560F48}.Debug 2022|Any CPU.ActiveCfg = Debug|Any CPU
		{89E8B89C-E938-4429-815A-E2F8B0560F48}.Debug 2022|Any CPU.Build.0 = Debug|Any CPU
		{89E8B89C-E938-4429-815A-E2F8B0560F48}.Debug 2023|Any CPU.ActiveCfg = Debug|Any CPU
		{89E8B89C-E938-4429-815A-E2F8B0560F48}.Debug 2023|Any CPU.Build.0 = Debug|Any CPU
		{89E8B89C-E938-4429-815A-E2F8B0560F48}.Debug 2024|Any CPU.ActiveCfg = Debug|Any CPU
		{89E8B89C-E938-4429-815A-E2F8B0560F48}.Debug 2024|Any CPU.Build.0 = Debug|Any CPU
		{89E8B89C-E938-4429-815A-E2F8B0560F48}.Debug 2025|Any CPU.ActiveCfg = Debug|Any CPU
		{89E8B89C-E938-4429-815A-E2F8B0560F48}.Debug 2025|Any CPU.Build.0 = Debug|Any CPU
		{89E8B89C-E938-4429-815A-E2F8B0560F48}.Debug|Any CPU.ActiveCfg = Debug|Any CPU
		{89E8B89C-E938-4429-815A-E2F8B0560F48}.Debug|Any CPU.Build.0 = Debug|Any CPU
		{89E8B89C-E938-4429-815A-E2F8B0560F48}.Release|Any CPU.ActiveCfg = Release|Any CPU
		{89E8B89C-E938-4429-815A-E2F8B0560F48}.Release|Any CPU.Build.0 = Release|Any CPU
		{1B82AFB4-26E8-49EC-A10D-B686CE05A64A}.2020|Any CPU.ActiveCfg = Debug|Any CPU
		{1B82AFB4-26E8-49EC-A10D-B686CE05A64A}.2020|Any CPU.Build.0 = Debug|Any CPU
		{1B82AFB4-26E8-49EC-A10D-B686CE05A64A}.2021|Any CPU.ActiveCfg = Debug|Any CPU
		{1B82AFB4-26E8-49EC-A10D-B686CE05A64A}.2021|Any CPU.Build.0 = Debug|Any CPU
		{1B82AFB4-26E8-49EC-A10D-B686CE05A64A}.2022|Any CPU.ActiveCfg = Debug|Any CPU
		{1B82AFB4-26E8-49EC-A10D-B686CE05A64A}.2022|Any CPU.Build.0 = Debug|Any CPU
		{1B82AFB4-26E8-49EC-A10D-B686CE05A64A}.2023|Any CPU.ActiveCfg = Debug|Any CPU
		{1B82AFB4-26E8-49EC-A10D-B686CE05A64A}.2023|Any CPU.Build.0 = Debug|Any CPU
		{1B82AFB4-26E8-49EC-A10D-B686CE05A64A}.2025|Any CPU.ActiveCfg = Release|Any CPU
		{1B82AFB4-26E8-49EC-A10D-B686CE05A64A}.2025|Any CPU.Build.0 = Release|Any CPU
		{1B82AFB4-26E8-49EC-A10D-B686CE05A64A}.Debug 2018|Any CPU.ActiveCfg = Debug|Any CPU
		{1B82AFB4-26E8-49EC-A10D-B686CE05A64A}.Debug 2018|Any CPU.Build.0 = Debug|Any CPU
		{1B82AFB4-26E8-49EC-A10D-B686CE05A64A}.Debug 2019|Any CPU.ActiveCfg = Debug|Any CPU
		{1B82AFB4-26E8-49EC-A10D-B686CE05A64A}.Debug 2019|Any CPU.Build.0 = Debug|Any CPU
		{1B82AFB4-26E8-49EC-A10D-B686CE05A64A}.Debug 2020|Any CPU.ActiveCfg = Debug|Any CPU
		{1B82AFB4-26E8-49EC-A10D-B686CE05A64A}.Debug 2020|Any CPU.Build.0 = Debug|Any CPU
		{1B82AFB4-26E8-49EC-A10D-B686CE05A64A}.Debug 2021|Any CPU.ActiveCfg = Debug|Any CPU
		{1B82AFB4-26E8-49EC-A10D-B686CE05A64A}.Debug 2021|Any CPU.Build.0 = Debug|Any CPU
		{1B82AFB4-26E8-49EC-A10D-B686CE05A64A}.Debug 2022|Any CPU.ActiveCfg = Debug|Any CPU
		{1B82AFB4-26E8-49EC-A10D-B686CE05A64A}.Debug 2022|Any CPU.Build.0 = Debug|Any CPU
		{1B82AFB4-26E8-49EC-A10D-B686CE05A64A}.Debug 2023|Any CPU.ActiveCfg = Debug|Any CPU
		{1B82AFB4-26E8-49EC-A10D-B686CE05A64A}.Debug 2023|Any CPU.Build.0 = Debug|Any CPU
		{1B82AFB4-26E8-49EC-A10D-B686CE05A64A}.Debug 2024|Any CPU.ActiveCfg = Debug|Any CPU
		{1B82AFB4-26E8-49EC-A10D-B686CE05A64A}.Debug 2024|Any CPU.Build.0 = Debug|Any CPU
		{1B82AFB4-26E8-49EC-A10D-B686CE05A64A}.Debug 2025|Any CPU.ActiveCfg = Debug|Any CPU
		{1B82AFB4-26E8-49EC-A10D-B686CE05A64A}.Debug 2025|Any CPU.Build.0 = Debug|Any CPU
		{1B82AFB4-26E8-49EC-A10D-B686CE05A64A}.Debug|Any CPU.ActiveCfg = Debug|Any CPU
		{1B82AFB4-26E8-49EC-A10D-B686CE05A64A}.Debug|Any CPU.Build.0 = Debug|Any CPU
		{1B82AFB4-26E8-49EC-A10D-B686CE05A64A}.Release|Any CPU.ActiveCfg = Release|Any CPU
		{1B82AFB4-26E8-49EC-A10D-B686CE05A64A}.Release|Any CPU.Build.0 = Release|Any CPU
		{960B3A60-88A2-46F8-B8AE-E0A6010E8DBB}.2020|Any CPU.ActiveCfg = 2020|Any CPU
		{960B3A60-88A2-46F8-B8AE-E0A6010E8DBB}.2020|Any CPU.Build.0 = 2020|Any CPU
		{960B3A60-88A2-46F8-B8AE-E0A6010E8DBB}.2021|Any CPU.ActiveCfg = 2021|Any CPU
		{960B3A60-88A2-46F8-B8AE-E0A6010E8DBB}.2021|Any CPU.Build.0 = 2021|Any CPU
		{960B3A60-88A2-46F8-B8AE-E0A6010E8DBB}.2022|Any CPU.ActiveCfg = 2022|Any CPU
		{960B3A60-88A2-46F8-B8AE-E0A6010E8DBB}.2022|Any CPU.Build.0 = 2022|Any CPU
		{960B3A60-88A2-46F8-B8AE-E0A6010E8DBB}.2023|Any CPU.ActiveCfg = 2023|Any CPU
		{960B3A60-88A2-46F8-B8AE-E0A6010E8DBB}.2023|Any CPU.Build.0 = 2023|Any CPU
		{960B3A60-88A2-46F8-B8AE-E0A6010E8DBB}.2025|Any CPU.ActiveCfg = 2025|Any CPU
		{960B3A60-88A2-46F8-B8AE-E0A6010E8DBB}.2025|Any CPU.Build.0 = 2025|Any CPU
		{960B3A60-88A2-46F8-B8AE-E0A6010E8DBB}.Debug 2018|Any CPU.ActiveCfg = Debug 2018|Any CPU
		{960B3A60-88A2-46F8-B8AE-E0A6010E8DBB}.Debug 2018|Any CPU.Build.0 = Debug 2018|Any CPU
		{960B3A60-88A2-46F8-B8AE-E0A6010E8DBB}.Debug 2019|Any CPU.ActiveCfg = Debug 2019|Any CPU
		{960B3A60-88A2-46F8-B8AE-E0A6010E8DBB}.Debug 2019|Any CPU.Build.0 = Debug 2019|Any CPU
		{960B3A60-88A2-46F8-B8AE-E0A6010E8DBB}.Debug 2020|Any CPU.ActiveCfg = Debug 2020|Any CPU
		{960B3A60-88A2-46F8-B8AE-E0A6010E8DBB}.Debug 2020|Any CPU.Build.0 = Debug 2020|Any CPU
		{960B3A60-88A2-46F8-B8AE-E0A6010E8DBB}.Debug 2021|Any CPU.ActiveCfg = Debug 2021|Any CPU
		{960B3A60-88A2-46F8-B8AE-E0A6010E8DBB}.Debug 2021|Any CPU.Build.0 = Debug 2021|Any CPU
		{960B3A60-88A2-46F8-B8AE-E0A6010E8DBB}.Debug 2022|Any CPU.ActiveCfg = Debug 2022|Any CPU
		{960B3A60-88A2-46F8-B8AE-E0A6010E8DBB}.Debug 2022|Any CPU.Build.0 = Debug 2022|Any CPU
		{960B3A60-88A2-46F8-B8AE-E0A6010E8DBB}.Debug 2023|Any CPU.ActiveCfg = Debug 2023|Any CPU
		{960B3A60-88A2-46F8-B8AE-E0A6010E8DBB}.Debug 2023|Any CPU.Build.0 = Debug 2023|Any CPU
		{960B3A60-88A2-46F8-B8AE-E0A6010E8DBB}.Debug 2024|Any CPU.ActiveCfg = Debug 2024|Any CPU
		{960B3A60-88A2-46F8-B8AE-E0A6010E8DBB}.Debug 2024|Any CPU.Build.0 = Debug 2024|Any CPU
		{960B3A60-88A2-46F8-B8AE-E0A6010E8DBB}.Debug 2025|Any CPU.ActiveCfg = Debug 2025|Any CPU
		{960B3A60-88A2-46F8-B8AE-E0A6010E8DBB}.Debug 2025|Any CPU.Build.0 = Debug 2025|Any CPU
		{960B3A60-88A2-46F8-B8AE-E0A6010E8DBB}.Debug|Any CPU.ActiveCfg = Debug 2023|Any CPU
		{960B3A60-88A2-46F8-B8AE-E0A6010E8DBB}.Debug|Any CPU.Build.0 = Debug 2023|Any CPU
		{960B3A60-88A2-46F8-B8AE-E0A6010E8DBB}.Release|Any CPU.ActiveCfg = 2023|Any CPU
		{960B3A60-88A2-46F8-B8AE-E0A6010E8DBB}.Release|Any CPU.Build.0 = 2023|Any CPU
		{00D0B34F-DFEB-1DF0-A9B8-747A6E16B1C0}.2020|Any CPU.ActiveCfg = Debug
		{00D0B34F-DFEB-1DF0-A9B8-747A6E16B1C0}.2021|Any CPU.ActiveCfg = Debug
		{00D0B34F-DFEB-1DF0-A9B8-747A6E16B1C0}.2022|Any CPU.ActiveCfg = Debug
		{00D0B34F-DFEB-1DF0-A9B8-747A6E16B1C0}.2023|Any CPU.ActiveCfg = Debug
		{00D0B34F-DFEB-1DF0-A9B8-747A6E16B1C0}.2025|Any CPU.ActiveCfg = Debug
		{00D0B34F-DFEB-1DF0-A9B8-747A6E16B1C0}.Debug 2018|Any CPU.ActiveCfg = Debug
		{00D0B34F-DFEB-1DF0-A9B8-747A6E16B1C0}.Debug 2019|Any CPU.ActiveCfg = Debug
		{00D0B34F-DFEB-1DF0-A9B8-747A6E16B1C0}.Debug 2020|Any CPU.ActiveCfg = Debug
		{00D0B34F-DFEB-1DF0-A9B8-747A6E16B1C0}.Debug 2021|Any CPU.ActiveCfg = Debug
		{00D0B34F-DFEB-1DF0-A9B8-747A6E16B1C0}.Debug 2022|Any CPU.ActiveCfg = Debug
		{00D0B34F-DFEB-1DF0-A9B8-747A6E16B1C0}.Debug 2023|Any CPU.ActiveCfg = Debug
		{00D0B34F-DFEB-1DF0-A9B8-747A6E16B1C0}.Debug 2024|Any CPU.ActiveCfg = Debug
		{00D0B34F-DFEB-1DF0-A9B8-747A6E16B1C0}.Debug 2025|Any CPU.ActiveCfg = Debug
		{00D0B34F-DFEB-1DF0-A9B8-747A6E16B1C0}.Debug|Any CPU.ActiveCfg = Debug
		{00D0B34F-DFEB-1DF0-A9B8-747A6E16B1C0}.Release|Any CPU.ActiveCfg = Release
		{059FF254-293E-34F6-8F5B-98B0AFD12738}.2020|Any CPU.ActiveCfg = Debug|Any CPU
		{059FF254-293E-34F6-8F5B-98B0AFD12738}.2020|Any CPU.Build.0 = Debug|Any CPU
		{059FF254-293E-34F6-8F5B-98B0AFD12738}.2021|Any CPU.ActiveCfg = Debug|Any CPU
		{059FF254-293E-34F6-8F5B-98B0AFD12738}.2021|Any CPU.Build.0 = Debug|Any CPU
		{059FF254-293E-34F6-8F5B-98B0AFD12738}.2022|Any CPU.ActiveCfg = Debug|Any CPU
		{059FF254-293E-34F6-8F5B-98B0AFD12738}.2022|Any CPU.Build.0 = Debug|Any CPU
		{059FF254-293E-34F6-8F5B-98B0AFD12738}.2023|Any CPU.ActiveCfg = Debug|Any CPU
		{059FF254-293E-34F6-8F5B-98B0AFD12738}.2023|Any CPU.Build.0 = Debug|Any CPU
		{059FF254-293E-34F6-8F5B-98B0AFD12738}.2025|Any CPU.ActiveCfg = Debug|Any CPU
		{059FF254-293E-34F6-8F5B-98B0AFD12738}.2025|Any CPU.Build.0 = Debug|Any CPU
		{059FF254-293E-34F6-8F5B-98B0AFD12738}.Debug 2018|Any CPU.ActiveCfg = Debug|Any CPU
		{059FF254-293E-34F6-8F5B-98B0AFD12738}.Debug 2018|Any CPU.Build.0 = Debug|Any CPU
		{059FF254-293E-34F6-8F5B-98B0AFD12738}.Debug 2019|Any CPU.ActiveCfg = Debug|Any CPU
		{059FF254-293E-34F6-8F5B-98B0AFD12738}.Debug 2019|Any CPU.Build.0 = Debug|Any CPU
		{059FF254-293E-34F6-8F5B-98B0AFD12738}.Debug 2020|Any CPU.ActiveCfg = Debug|Any CPU
		{059FF254-293E-34F6-8F5B-98B0AFD12738}.Debug 2020|Any CPU.Build.0 = Debug|Any CPU
		{059FF254-293E-34F6-8F5B-98B0AFD12738}.Debug 2021|Any CPU.ActiveCfg = Debug|Any CPU
		{059FF254-293E-34F6-8F5B-98B0AFD12738}.Debug 2021|Any CPU.Build.0 = Debug|Any CPU
		{059FF254-293E-34F6-8F5B-98B0AFD12738}.Debug 2022|Any CPU.ActiveCfg = Debug|Any CPU
		{059FF254-293E-34F6-8F5B-98B0AFD12738}.Debug 2022|Any CPU.Build.0 = Debug|Any CPU
		{059FF254-293E-34F6-8F5B-98B0AFD12738}.Debug 2023|Any CPU.ActiveCfg = Debug|Any CPU
		{059FF254-293E-34F6-8F5B-98B0AFD12738}.Debug 2023|Any CPU.Build.0 = Debug|Any CPU
		{059FF254-293E-34F6-8F5B-98B0AFD12738}.Debug 2024|Any CPU.ActiveCfg = Debug|Any CPU
		{059FF254-293E-34F6-8F5B-98B0AFD12738}.Debug 2024|Any CPU.Build.0 = Debug|Any CPU
		{059FF254-293E-34F6-8F5B-98B0AFD12738}.Debug 2025|Any CPU.ActiveCfg = Debug|Any CPU
		{059FF254-293E-34F6-8F5B-98B0AFD12738}.Debug 2025|Any CPU.Build.0 = Debug|Any CPU
		{059FF254-293E-34F6-8F5B-98B0AFD12738}.Debug|Any CPU.ActiveCfg = Debug|Any CPU
		{059FF254-293E-34F6-8F5B-98B0AFD12738}.Debug|Any CPU.Build.0 = Debug|Any CPU
		{059FF254-293E-34F6-8F5B-98B0AFD12738}.Release|Any CPU.ActiveCfg = Release|Any CPU
		{059FF254-293E-34F6-8F5B-98B0AFD12738}.Release|Any CPU.Build.0 = Release|Any CPU
		{C202A913-4342-66C1-39B2-2D48B622F8BB}.2020|Any CPU.ActiveCfg = Debug|Any CPU
		{C202A913-4342-66C1-39B2-2D48B622F8BB}.2020|Any CPU.Build.0 = Debug|Any CPU
		{C202A913-4342-66C1-39B2-2D48B622F8BB}.2021|Any CPU.ActiveCfg = Debug|Any CPU
		{C202A913-4342-66C1-39B2-2D48B622F8BB}.2021|Any CPU.Build.0 = Debug|Any CPU
		{C202A913-4342-66C1-39B2-2D48B622F8BB}.2022|Any CPU.ActiveCfg = Debug|Any CPU
		{C202A913-4342-66C1-39B2-2D48B622F8BB}.2022|Any CPU.Build.0 = Debug|Any CPU
		{C202A913-4342-66C1-39B2-2D48B622F8BB}.2023|Any CPU.ActiveCfg = Debug|Any CPU
		{C202A913-4342-66C1-39B2-2D48B622F8BB}.2023|Any CPU.Build.0 = Debug|Any CPU
		{C202A913-4342-66C1-39B2-2D48B622F8BB}.2025|Any CPU.ActiveCfg = Debug|Any CPU
		{C202A913-4342-66C1-39B2-2D48B622F8BB}.2025|Any CPU.Build.0 = Debug|Any CPU
		{C202A913-4342-66C1-39B2-2D48B622F8BB}.Debug 2018|Any CPU.ActiveCfg = Debug|Any CPU
		{C202A913-4342-66C1-39B2-2D48B622F8BB}.Debug 2018|Any CPU.Build.0 = Debug|Any CPU
		{C202A913-4342-66C1-39B2-2D48B622F8BB}.Debug 2019|Any CPU.ActiveCfg = Debug|Any CPU
		{C202A913-4342-66C1-39B2-2D48B622F8BB}.Debug 2019|Any CPU.Build.0 = Debug|Any CPU
		{C202A913-4342-66C1-39B2-2D48B622F8BB}.Debug 2020|Any CPU.ActiveCfg = Debug|Any CPU
		{C202A913-4342-66C1-39B2-2D48B622F8BB}.Debug 2020|Any CPU.Build.0 = Debug|Any CPU
		{C202A913-4342-66C1-39B2-2D48B622F8BB}.Debug 2021|Any CPU.ActiveCfg = Debug|Any CPU
		{C202A913-4342-66C1-39B2-2D48B622F8BB}.Debug 2021|Any CPU.Build.0 = Debug|Any CPU
		{C202A913-4342-66C1-39B2-2D48B622F8BB}.Debug 2022|Any CPU.ActiveCfg = Debug|Any CPU
		{C202A913-4342-66C1-39B2-2D48B622F8BB}.Debug 2022|Any CPU.Build.0 = Debug|Any CPU
		{C202A913-4342-66C1-39B2-2D48B622F8BB}.Debug 2023|Any CPU.ActiveCfg = Debug|Any CPU
		{C202A913-4342-66C1-39B2-2D48B622F8BB}.Debug 2023|Any CPU.Build.0 = Debug|Any CPU
		{C202A913-4342-66C1-39B2-2D48B622F8BB}.Debug 2024|Any CPU.ActiveCfg = Debug|Any CPU
		{C202A913-4342-66C1-39B2-2D48B622F8BB}.Debug 2024|Any CPU.Build.0 = Debug|Any CPU
		{C202A913-4342-66C1-39B2-2D48B622F8BB}.Debug 2025|Any CPU.ActiveCfg = Debug|Any CPU
		{C202A913-4342-66C1-39B2-2D48B622F8BB}.Debug 2025|Any CPU.Build.0 = Debug|Any CPU
		{C202A913-4342-66C1-39B2-2D48B622F8BB}.Debug|Any CPU.ActiveCfg = Debug|Any CPU
		{C202A913-4342-66C1-39B2-2D48B622F8BB}.Debug|Any CPU.Build.0 = Debug|Any CPU
		{C202A913-4342-66C1-39B2-2D48B622F8BB}.Release|Any CPU.ActiveCfg = Release|Any CPU
		{C202A913-4342-66C1-39B2-2D48B622F8BB}.Release|Any CPU.Build.0 = Release|Any CPU
		{7E7BFB98-50B4-4F82-A0B9-B7E9D52D2D95}.2020|Any CPU.ActiveCfg = 2020|Any CPU
		{7E7BFB98-50B4-4F82-A0B9-B7E9D52D2D95}.2020|Any CPU.Build.0 = 2020|Any CPU
		{7E7BFB98-50B4-4F82-A0B9-B7E9D52D2D95}.2021|Any CPU.ActiveCfg = 2021|Any CPU
		{7E7BFB98-50B4-4F82-A0B9-B7E9D52D2D95}.2021|Any CPU.Build.0 = 2021|Any CPU
		{7E7BFB98-50B4-4F82-A0B9-B7E9D52D2D95}.2022|Any CPU.ActiveCfg = 2022|Any CPU
		{7E7BFB98-50B4-4F82-A0B9-B7E9D52D2D95}.2022|Any CPU.Build.0 = 2022|Any CPU
		{7E7BFB98-50B4-4F82-A0B9-B7E9D52D2D95}.2023|Any CPU.ActiveCfg = 2023|Any CPU
		{7E7BFB98-50B4-4F82-A0B9-B7E9D52D2D95}.2023|Any CPU.Build.0 = 2023|Any CPU
		{7E7BFB98-50B4-4F82-A0B9-B7E9D52D2D95}.2025|Any CPU.ActiveCfg = 2025|Any CPU
		{7E7BFB98-50B4-4F82-A0B9-B7E9D52D2D95}.2025|Any CPU.Build.0 = 2025|Any CPU
		{7E7BFB98-50B4-4F82-A0B9-B7E9D52D2D95}.Debug 2018|Any CPU.ActiveCfg = Debug 2018|Any CPU
		{7E7BFB98-50B4-4F82-A0B9-B7E9D52D2D95}.Debug 2018|Any CPU.Build.0 = Debug 2018|Any CPU
		{7E7BFB98-50B4-4F82-A0B9-B7E9D52D2D95}.Debug 2019|Any CPU.ActiveCfg = Debug 2019|Any CPU
		{7E7BFB98-50B4-4F82-A0B9-B7E9D52D2D95}.Debug 2019|Any CPU.Build.0 = Debug 2019|Any CPU
		{7E7BFB98-50B4-4F82-A0B9-B7E9D52D2D95}.Debug 2020|Any CPU.ActiveCfg = Debug 2020|Any CPU
		{7E7BFB98-50B4-4F82-A0B9-B7E9D52D2D95}.Debug 2020|Any CPU.Build.0 = Debug 2020|Any CPU
		{7E7BFB98-50B4-4F82-A0B9-B7E9D52D2D95}.Debug 2021|Any CPU.ActiveCfg = Debug 2021|Any CPU
		{7E7BFB98-50B4-4F82-A0B9-B7E9D52D2D95}.Debug 2021|Any CPU.Build.0 = Debug 2021|Any CPU
		{7E7BFB98-50B4-4F82-A0B9-B7E9D52D2D95}.Debug 2022|Any CPU.ActiveCfg = Debug 2022|Any CPU
		{7E7BFB98-50B4-4F82-A0B9-B7E9D52D2D95}.Debug 2022|Any CPU.Build.0 = Debug 2022|Any CPU
		{7E7BFB98-50B4-4F82-A0B9-B7E9D52D2D95}.Debug 2023|Any CPU.ActiveCfg = Debug 2023|Any CPU
		{7E7BFB98-50B4-4F82-A0B9-B7E9D52D2D95}.Debug 2023|Any CPU.Build.0 = Debug 2023|Any CPU
		{7E7BFB98-50B4-4F82-A0B9-B7E9D52D2D95}.Debug 2024|Any CPU.ActiveCfg = Debug 2024|Any CPU
		{7E7BFB98-50B4-4F82-A0B9-B7E9D52D2D95}.Debug 2024|Any CPU.Build.0 = Debug 2024|Any CPU
		{7E7BFB98-50B4-4F82-A0B9-B7E9D52D2D95}.Debug 2025|Any CPU.ActiveCfg = Debug 2025|Any CPU
		{7E7BFB98-50B4-4F82-A0B9-B7E9D52D2D95}.Debug 2025|Any CPU.Build.0 = Debug 2025|Any CPU
		{7E7BFB98-50B4-4F82-A0B9-B7E9D52D2D95}.Debug|Any CPU.ActiveCfg = Debug 2023|Any CPU
		{7E7BFB98-50B4-4F82-A0B9-B7E9D52D2D95}.Debug|Any CPU.Build.0 = Debug 2023|Any CPU
		{7E7BFB98-50B4-4F82-A0B9-B7E9D52D2D95}.Release|Any CPU.ActiveCfg = 2023|Any CPU
		{7E7BFB98-50B4-4F82-A0B9-B7E9D52D2D95}.Release|Any CPU.Build.0 = 2023|Any CPU
	EndGlobalSection
	GlobalSection(SolutionProperties) = preSolution
		HideSolutionNode = FALSE
	EndGlobalSection
	GlobalSection(NestedProjects) = preSolution
		{4B48D024-E87D-4C16-AE22-B229BD2FE269} = {2AD4EAAD-F46B-4455-B805-E978918348BD}
		{EE69BE89-25BE-4331-9422-86A12BD97874} = {2D566BBB-110C-43F9-9562-59CA21088F12}
		{8937C01B-8983-4FD5-99F2-DD1145ABFA29} = {2D566BBB-110C-43F9-9562-59CA21088F12}
		{52F7BB0F-2888-4F5C-A292-34EAFBED055E} = {5FD42426-BFE2-4AC2-8EAD-905A23EEA647}
		{0C5F88AE-8A47-48F6-B3F6-2283D1D8DBA9} = {2AD4EAAD-F46B-4455-B805-E978918348BD}
		{DFBCF996-8659-4349-9031-FA3252AC339F} = {2D566BBB-110C-43F9-9562-59CA21088F12}
		{D09C11F9-D49E-4C27-BA48-AB2A0A3C2411} = {5FD42426-BFE2-4AC2-8EAD-905A23EEA647}
		{CE34707D-FCD6-40AB-A556-DB1647D4F505} = {5FD42426-BFE2-4AC2-8EAD-905A23EEA647}
		{00D0B34F-DFEB-1DF0-A9B8-747A6E16B1C0} = {02EA681E-C7D8-13C7-8484-4AC65E1B71E8}
	EndGlobalSection
	GlobalSection(ExtensibilityGlobals) = postSolution
		SolutionGuid = {B1A0661D-E78B-433C-9E2B-46C86047BB05}
	EndGlobalSection
EndGlobal
